// !$*UTF8*$!
{
	archiveVersion = 1;
	classes = {
	};
	objectVersion = 48;
	objects = {

/* Begin PBXBuildFile section */
		411C2EB31FB38FE60011C8CE /* GoogleService-Info.plist in Resources */ = {isa = PBXBuildFile; fileRef = 411C2EB21FB38FE60011C8CE /* GoogleService-Info.plist */; };
		411C2EB91FB3907A0011C8CE /* PlaceDetailViewController.swift in Sources */ = {isa = PBXBuildFile; fileRef = 411C2EB81FB3907A0011C8CE /* PlaceDetailViewController.swift */; };
		416D9B381FB63D2600C5C001 /* PlaceImageTableViewCell.swift in Sources */ = {isa = PBXBuildFile; fileRef = 416D9B371FB63D2600C5C001 /* PlaceImageTableViewCell.swift */; };
		416D9B3B1FB63D7700C5C001 /* PlaceDetailCell.swift in Sources */ = {isa = PBXBuildFile; fileRef = 416D9B3A1FB63D7700C5C001 /* PlaceDetailCell.swift */; };
		416D9B3D1FB63FF500C5C001 /* PlaceTipsCell.swift in Sources */ = {isa = PBXBuildFile; fileRef = 416D9B3C1FB63FF500C5C001 /* PlaceTipsCell.swift */; };
		497B925A1F9DAD9500052A77 /* SweetAlert.swift in Sources */ = {isa = PBXBuildFile; fileRef = 497B92591F9DAD9500052A77 /* SweetAlert.swift */; };
		49E1E2211F9D2E1D004F972C /* AddPlaceViewController.swift in Sources */ = {isa = PBXBuildFile; fileRef = 49E1E2201F9D2E1D004F972C /* AddPlaceViewController.swift */; };
		702F12D61FA0471F00E86482 /* HeaderCell.swift in Sources */ = {isa = PBXBuildFile; fileRef = 702F12D51FA0471F00E86482 /* HeaderCell.swift */; };
		70487B351FA378560086B1B7 /* fb_access in Resources */ = {isa = PBXBuildFile; fileRef = 7737274C1FA0805A00975D68 /* fb_access */; };
		705C6D411FB6CDEF00ED58CD /* mapbox_access_token in Resources */ = {isa = PBXBuildFile; fileRef = 705C6D401FB6CDEB00ED58CD /* mapbox_access_token */; };
		7089677D1FAA2C950082F0DE /* DebugViewController.swift in Sources */ = {isa = PBXBuildFile; fileRef = 7089677C1FAA2C950082F0DE /* DebugViewController.swift */; };
		7478B9C71F9D2BA100EB62F5 /* List.swift in Sources */ = {isa = PBXBuildFile; fileRef = 7478B9C61F9D2BA100EB62F5 /* List.swift */; };
		7478B9C91F9D2BB400EB62F5 /* User.swift in Sources */ = {isa = PBXBuildFile; fileRef = 7478B9C81F9D2BB400EB62F5 /* User.swift */; };
		7478B9CB1F9D2BEF00EB62F5 /* DatabaseRequests.swift in Sources */ = {isa = PBXBuildFile; fileRef = 7478B9CA1F9D2BEF00EB62F5 /* DatabaseRequests.swift */; };
		770769EE1FB517B000D1FAF4 /* AnnotationView.swift in Sources */ = {isa = PBXBuildFile; fileRef = 770769ED1FB517B000D1FAF4 /* AnnotationView.swift */; };
		771469F41FB7C1A600255D88 /* AugmentedCalloutView.swift in Sources */ = {isa = PBXBuildFile; fileRef = 771469F31FB7C1A600255D88 /* AugmentedCalloutView.swift */; };
		7747FEDC1F9B409300366D54 /* AppDelegate.swift in Sources */ = {isa = PBXBuildFile; fileRef = 7747FEDB1F9B409300366D54 /* AppDelegate.swift */; };
		7747FEDE1F9B409300366D54 /* ViewController.swift in Sources */ = {isa = PBXBuildFile; fileRef = 7747FEDD1F9B409300366D54 /* ViewController.swift */; };
		7747FEE11F9B409300366D54 /* Main.storyboard in Resources */ = {isa = PBXBuildFile; fileRef = 7747FEDF1F9B409300366D54 /* Main.storyboard */; };
		7747FEE31F9B409300366D54 /* Assets.xcassets in Resources */ = {isa = PBXBuildFile; fileRef = 7747FEE21F9B409300366D54 /* Assets.xcassets */; };
		7747FEE61F9B409300366D54 /* LaunchScreen.storyboard in Resources */ = {isa = PBXBuildFile; fileRef = 7747FEE41F9B409300366D54 /* LaunchScreen.storyboard */; };
		7747FEF11F9B409300366D54 /* lookaround2Tests.swift in Sources */ = {isa = PBXBuildFile; fileRef = 7747FEF01F9B409300366D54 /* lookaround2Tests.swift */; };
		7747FEFC1F9B409300366D54 /* lookaround2UITests.swift in Sources */ = {isa = PBXBuildFile; fileRef = 7747FEFB1F9B409300366D54 /* lookaround2UITests.swift */; };
		7761D2C31F9B471C004FDB15 /* AugmentedViewController.swift in Sources */ = {isa = PBXBuildFile; fileRef = 7761D2C21F9B471C004FDB15 /* AugmentedViewController.swift */; };
		7789498F1F9B618300910FD1 /* PlaceDetailTableViewController.swift in Sources */ = {isa = PBXBuildFile; fileRef = 7789498B1F9B618200910FD1 /* PlaceDetailTableViewController.swift */; };
		778949901F9B618300910FD1 /* SearchResultsViewController.swift in Sources */ = {isa = PBXBuildFile; fileRef = 7789498C1F9B618300910FD1 /* SearchResultsViewController.swift */; };
		778949911F9B618300910FD1 /* FilterViewController.swift in Sources */ = {isa = PBXBuildFile; fileRef = 7789498D1F9B618300910FD1 /* FilterViewController.swift */; };
		778949921F9B618300910FD1 /* LoginViewController.swift in Sources */ = {isa = PBXBuildFile; fileRef = 7789498E1F9B618300910FD1 /* LoginViewController.swift */; };
		778949931F9B623100910FD1 /* Place.swift in Sources */ = {isa = PBXBuildFile; fileRef = 778949821F9B603C00910FD1 /* Place.swift */; };
		778949941F9B623500910FD1 /* LABrand.swift in Sources */ = {isa = PBXBuildFile; fileRef = 778949811F9B603C00910FD1 /* LABrand.swift */; };
		778949951F9B623A00910FD1 /* LookAnchor.swift in Sources */ = {isa = PBXBuildFile; fileRef = 77972BAF1F9B591800CAEB1F /* LookAnchor.swift */; };
		778949961F9B623E00910FD1 /* AnnotationManager.swift in Sources */ = {isa = PBXBuildFile; fileRef = 77972BB01F9B591800CAEB1F /* AnnotationManager.swift */; };
		778949971F9B624100910FD1 /* Annotation.swift in Sources */ = {isa = PBXBuildFile; fileRef = 77972BAE1F9B591800CAEB1F /* Annotation.swift */; };
		778949981F9B624400910FD1 /* FilterUtilities.swift in Sources */ = {isa = PBXBuildFile; fileRef = 7761D2C41F9B4844004FDB15 /* FilterUtilities.swift */; };
		778949991F9B624700910FD1 /* GraphRequests.swift in Sources */ = {isa = PBXBuildFile; fileRef = 7761D2C51F9B4844004FDB15 /* GraphRequests.swift */; };
		7789499B1F9B624E00910FD1 /* FilterCell.swift in Sources */ = {isa = PBXBuildFile; fileRef = 778949851F9B60BD00910FD1 /* FilterCell.swift */; };
		7789499C1F9B625100910FD1 /* DefaultCell.swift in Sources */ = {isa = PBXBuildFile; fileRef = 778949831F9B60BD00910FD1 /* DefaultCell.swift */; };
		7789499D1F9B625400910FD1 /* SearchResultsCell.swift in Sources */ = {isa = PBXBuildFile; fileRef = 778949871F9B60BE00910FD1 /* SearchResultsCell.swift */; };
		7789499E1F9B626100910FD1 /* Detail.storyboard in Resources */ = {isa = PBXBuildFile; fileRef = 7789498A1F9B60EA00910FD1 /* Detail.storyboard */; };
		7789499F1F9B626400910FD1 /* Filter.storyboard in Resources */ = {isa = PBXBuildFile; fileRef = 778949891F9B60EA00910FD1 /* Filter.storyboard */; };
		778949A01F9B626700910FD1 /* Login.storyboard in Resources */ = {isa = PBXBuildFile; fileRef = 778949881F9B60EA00910FD1 /* Login.storyboard */; };
		778949A31F9B629800910FD1 /* art.scnassets in Resources */ = {isa = PBXBuildFile; fileRef = 77972BB11F9B5A2500CAEB1F /* art.scnassets */; };
		7791D8791FA2B0BB00DFD147 /* DirectionsButton.swift in Sources */ = {isa = PBXBuildFile; fileRef = 7791D8781FA2B0BB00DFD147 /* DirectionsButton.swift */; };
		77AB831D1FB959B1005A3733 /* PlaceNameCell.xib in Resources */ = {isa = PBXBuildFile; fileRef = 77AB831C1FB959B1005A3733 /* PlaceNameCell.xib */; };
		77AB831F1FB95FB9005A3733 /* PlaceNameCell.swift in Sources */ = {isa = PBXBuildFile; fileRef = 77AB831E1FB95FB9005A3733 /* PlaceNameCell.swift */; };
		77BD47BD1FA1EB8200F485A8 /* DetailButton.swift in Sources */ = {isa = PBXBuildFile; fileRef = 77BD47BC1FA1EB8200F485A8 /* DetailButton.swift */; };
		77D020E21FA86B90000FF270 /* HamburgerViewController.swift in Sources */ = {isa = PBXBuildFile; fileRef = 77D020E11FA86B90000FF270 /* HamburgerViewController.swift */; };
		77D50F5A1FB2969B00FB859E /* Tip.swift in Sources */ = {isa = PBXBuildFile; fileRef = 77D50F591FB2969B00FB859E /* Tip.swift */; };
		77FA0FAD1FB942C40005EC4C /* DetailPageViewController.swift in Sources */ = {isa = PBXBuildFile; fileRef = 77FA0FAC1FB942C40005EC4C /* DetailPageViewController.swift */; };
		94C5D99B7D4A23F860998772 /* Pods_lookaround2.framework in Frameworks */ = {isa = PBXBuildFile; fileRef = 0E5AFF4092DEDBCD196BF743 /* Pods_lookaround2.framework */; };
/* End PBXBuildFile section */

/* Begin PBXContainerItemProxy section */
		7747FEED1F9B409300366D54 /* PBXContainerItemProxy */ = {
			isa = PBXContainerItemProxy;
			containerPortal = 7747FED01F9B409300366D54 /* Project object */;
			proxyType = 1;
			remoteGlobalIDString = 7747FED71F9B409300366D54;
			remoteInfo = lookaround2;
		};
		7747FEF81F9B409300366D54 /* PBXContainerItemProxy */ = {
			isa = PBXContainerItemProxy;
			containerPortal = 7747FED01F9B409300366D54 /* Project object */;
			proxyType = 1;
			remoteGlobalIDString = 7747FED71F9B409300366D54;
			remoteInfo = lookaround2;
		};
/* End PBXContainerItemProxy section */

/* Begin PBXFileReference section */
		0E5AFF4092DEDBCD196BF743 /* Pods_lookaround2.framework */ = {isa = PBXFileReference; explicitFileType = wrapper.framework; includeInIndex = 0; path = Pods_lookaround2.framework; sourceTree = BUILT_PRODUCTS_DIR; };
		411C2EB21FB38FE60011C8CE /* GoogleService-Info.plist */ = {isa = PBXFileReference; fileEncoding = 4; lastKnownFileType = text.plist.xml; path = "GoogleService-Info.plist"; sourceTree = "<group>"; };
		411C2EB81FB3907A0011C8CE /* PlaceDetailViewController.swift */ = {isa = PBXFileReference; fileEncoding = 4; lastKnownFileType = sourcecode.swift; path = PlaceDetailViewController.swift; sourceTree = "<group>"; };
		416D9B371FB63D2600C5C001 /* PlaceImageTableViewCell.swift */ = {isa = PBXFileReference; lastKnownFileType = sourcecode.swift; path = PlaceImageTableViewCell.swift; sourceTree = "<group>"; };
		416D9B3A1FB63D7700C5C001 /* PlaceDetailCell.swift */ = {isa = PBXFileReference; lastKnownFileType = sourcecode.swift; path = PlaceDetailCell.swift; sourceTree = "<group>"; };
		416D9B3C1FB63FF500C5C001 /* PlaceTipsCell.swift */ = {isa = PBXFileReference; lastKnownFileType = sourcecode.swift; path = PlaceTipsCell.swift; sourceTree = "<group>"; };
		497B92591F9DAD9500052A77 /* SweetAlert.swift */ = {isa = PBXFileReference; lastKnownFileType = sourcecode.swift; path = SweetAlert.swift; sourceTree = "<group>"; };
		49E1E2201F9D2E1D004F972C /* AddPlaceViewController.swift */ = {isa = PBXFileReference; lastKnownFileType = sourcecode.swift; path = AddPlaceViewController.swift; sourceTree = "<group>"; };
		702F12D51FA0471F00E86482 /* HeaderCell.swift */ = {isa = PBXFileReference; lastKnownFileType = sourcecode.swift; path = HeaderCell.swift; sourceTree = "<group>"; };
		705C6D401FB6CDEB00ED58CD /* mapbox_access_token */ = {isa = PBXFileReference; lastKnownFileType = text; path = mapbox_access_token; sourceTree = "<group>"; };
		7089677C1FAA2C950082F0DE /* DebugViewController.swift */ = {isa = PBXFileReference; lastKnownFileType = sourcecode.swift; path = DebugViewController.swift; sourceTree = "<group>"; };
		7478B9C61F9D2BA100EB62F5 /* List.swift */ = {isa = PBXFileReference; lastKnownFileType = sourcecode.swift; path = List.swift; sourceTree = "<group>"; };
		7478B9C81F9D2BB400EB62F5 /* User.swift */ = {isa = PBXFileReference; lastKnownFileType = sourcecode.swift; path = User.swift; sourceTree = "<group>"; };
		7478B9CA1F9D2BEF00EB62F5 /* DatabaseRequests.swift */ = {isa = PBXFileReference; lastKnownFileType = sourcecode.swift; path = DatabaseRequests.swift; sourceTree = "<group>"; };
		75C23D866F9CF839D25CBACE /* Pods-lookaround2.debug.xcconfig */ = {isa = PBXFileReference; includeInIndex = 1; lastKnownFileType = text.xcconfig; name = "Pods-lookaround2.debug.xcconfig"; path = "Pods/Target Support Files/Pods-lookaround2/Pods-lookaround2.debug.xcconfig"; sourceTree = "<group>"; };
		770769ED1FB517B000D1FAF4 /* AnnotationView.swift */ = {isa = PBXFileReference; lastKnownFileType = sourcecode.swift; path = AnnotationView.swift; sourceTree = "<group>"; };
		771469F31FB7C1A600255D88 /* AugmentedCalloutView.swift */ = {isa = PBXFileReference; fileEncoding = 4; lastKnownFileType = sourcecode.swift; name = AugmentedCalloutView.swift; path = lookaround2/Views/AugmentedCalloutView.swift; sourceTree = SOURCE_ROOT; };
		7737274C1FA0805A00975D68 /* fb_access */ = {isa = PBXFileReference; fileEncoding = 4; lastKnownFileType = text; path = fb_access; sourceTree = "<group>"; };
		7747FED81F9B409300366D54 /* lookaround2.app */ = {isa = PBXFileReference; explicitFileType = wrapper.application; includeInIndex = 0; path = lookaround2.app; sourceTree = BUILT_PRODUCTS_DIR; };
		7747FEDB1F9B409300366D54 /* AppDelegate.swift */ = {isa = PBXFileReference; lastKnownFileType = sourcecode.swift; path = AppDelegate.swift; sourceTree = "<group>"; };
		7747FEDD1F9B409300366D54 /* ViewController.swift */ = {isa = PBXFileReference; lastKnownFileType = sourcecode.swift; path = ViewController.swift; sourceTree = "<group>"; };
		7747FEE01F9B409300366D54 /* Base */ = {isa = PBXFileReference; lastKnownFileType = file.storyboard; name = Base; path = Base.lproj/Main.storyboard; sourceTree = "<group>"; };
		7747FEE21F9B409300366D54 /* Assets.xcassets */ = {isa = PBXFileReference; lastKnownFileType = folder.assetcatalog; path = Assets.xcassets; sourceTree = "<group>"; };
		7747FEE51F9B409300366D54 /* Base */ = {isa = PBXFileReference; lastKnownFileType = file.storyboard; name = Base; path = Base.lproj/LaunchScreen.storyboard; sourceTree = "<group>"; };
		7747FEE71F9B409300366D54 /* Info.plist */ = {isa = PBXFileReference; lastKnownFileType = text.plist.xml; path = Info.plist; sourceTree = "<group>"; };
		7747FEEC1F9B409300366D54 /* lookaround2Tests.xctest */ = {isa = PBXFileReference; explicitFileType = wrapper.cfbundle; includeInIndex = 0; path = lookaround2Tests.xctest; sourceTree = BUILT_PRODUCTS_DIR; };
		7747FEF01F9B409300366D54 /* lookaround2Tests.swift */ = {isa = PBXFileReference; lastKnownFileType = sourcecode.swift; path = lookaround2Tests.swift; sourceTree = "<group>"; };
		7747FEF21F9B409300366D54 /* Info.plist */ = {isa = PBXFileReference; lastKnownFileType = text.plist.xml; path = Info.plist; sourceTree = "<group>"; };
		7747FEF71F9B409300366D54 /* lookaround2UITests.xctest */ = {isa = PBXFileReference; explicitFileType = wrapper.cfbundle; includeInIndex = 0; path = lookaround2UITests.xctest; sourceTree = BUILT_PRODUCTS_DIR; };
		7747FEFB1F9B409300366D54 /* lookaround2UITests.swift */ = {isa = PBXFileReference; lastKnownFileType = sourcecode.swift; path = lookaround2UITests.swift; sourceTree = "<group>"; };
		7747FEFD1F9B409300366D54 /* Info.plist */ = {isa = PBXFileReference; lastKnownFileType = text.plist.xml; path = Info.plist; sourceTree = "<group>"; };
		7761D2C21F9B471C004FDB15 /* AugmentedViewController.swift */ = {isa = PBXFileReference; lastKnownFileType = sourcecode.swift; path = AugmentedViewController.swift; sourceTree = "<group>"; };
		7761D2C41F9B4844004FDB15 /* FilterUtilities.swift */ = {isa = PBXFileReference; lastKnownFileType = sourcecode.swift; path = FilterUtilities.swift; sourceTree = "<group>"; };
		7761D2C51F9B4844004FDB15 /* GraphRequests.swift */ = {isa = PBXFileReference; lastKnownFileType = sourcecode.swift; path = GraphRequests.swift; sourceTree = "<group>"; };
		778949811F9B603C00910FD1 /* LABrand.swift */ = {isa = PBXFileReference; lastKnownFileType = sourcecode.swift; path = LABrand.swift; sourceTree = "<group>"; };
		778949821F9B603C00910FD1 /* Place.swift */ = {isa = PBXFileReference; lastKnownFileType = sourcecode.swift; path = Place.swift; sourceTree = "<group>"; };
		778949831F9B60BD00910FD1 /* DefaultCell.swift */ = {isa = PBXFileReference; lastKnownFileType = sourcecode.swift; path = DefaultCell.swift; sourceTree = "<group>"; };
		778949851F9B60BD00910FD1 /* FilterCell.swift */ = {isa = PBXFileReference; lastKnownFileType = sourcecode.swift; path = FilterCell.swift; sourceTree = "<group>"; };
		778949871F9B60BE00910FD1 /* SearchResultsCell.swift */ = {isa = PBXFileReference; lastKnownFileType = sourcecode.swift; path = SearchResultsCell.swift; sourceTree = "<group>"; };
		778949881F9B60EA00910FD1 /* Login.storyboard */ = {isa = PBXFileReference; lastKnownFileType = file.storyboard; path = Login.storyboard; sourceTree = "<group>"; };
		778949891F9B60EA00910FD1 /* Filter.storyboard */ = {isa = PBXFileReference; lastKnownFileType = file.storyboard; path = Filter.storyboard; sourceTree = "<group>"; };
		7789498A1F9B60EA00910FD1 /* Detail.storyboard */ = {isa = PBXFileReference; lastKnownFileType = file.storyboard; path = Detail.storyboard; sourceTree = "<group>"; };
		7789498B1F9B618200910FD1 /* PlaceDetailTableViewController.swift */ = {isa = PBXFileReference; lastKnownFileType = sourcecode.swift; path = PlaceDetailTableViewController.swift; sourceTree = "<group>"; };
		7789498C1F9B618300910FD1 /* SearchResultsViewController.swift */ = {isa = PBXFileReference; lastKnownFileType = sourcecode.swift; path = SearchResultsViewController.swift; sourceTree = "<group>"; };
		7789498D1F9B618300910FD1 /* FilterViewController.swift */ = {isa = PBXFileReference; lastKnownFileType = sourcecode.swift; path = FilterViewController.swift; sourceTree = "<group>"; };
		7789498E1F9B618300910FD1 /* LoginViewController.swift */ = {isa = PBXFileReference; lastKnownFileType = sourcecode.swift; path = LoginViewController.swift; sourceTree = "<group>"; };
		7791D8781FA2B0BB00DFD147 /* DirectionsButton.swift */ = {isa = PBXFileReference; lastKnownFileType = sourcecode.swift; path = DirectionsButton.swift; sourceTree = "<group>"; };
		77972BAE1F9B591800CAEB1F /* Annotation.swift */ = {isa = PBXFileReference; lastKnownFileType = sourcecode.swift; path = Annotation.swift; sourceTree = "<group>"; };
		77972BAF1F9B591800CAEB1F /* LookAnchor.swift */ = {isa = PBXFileReference; lastKnownFileType = sourcecode.swift; path = LookAnchor.swift; sourceTree = "<group>"; };
		77972BB01F9B591800CAEB1F /* AnnotationManager.swift */ = {isa = PBXFileReference; lastKnownFileType = sourcecode.swift; path = AnnotationManager.swift; sourceTree = "<group>"; };
		77972BB11F9B5A2500CAEB1F /* art.scnassets */ = {isa = PBXFileReference; lastKnownFileType = wrapper.scnassets; path = art.scnassets; sourceTree = "<group>"; };
		77AB831C1FB959B1005A3733 /* PlaceNameCell.xib */ = {isa = PBXFileReference; lastKnownFileType = file.xib; path = PlaceNameCell.xib; sourceTree = "<group>"; };
		77AB831E1FB95FB9005A3733 /* PlaceNameCell.swift */ = {isa = PBXFileReference; lastKnownFileType = sourcecode.swift; path = PlaceNameCell.swift; sourceTree = "<group>"; };
		77BD47BC1FA1EB8200F485A8 /* DetailButton.swift */ = {isa = PBXFileReference; lastKnownFileType = sourcecode.swift; path = DetailButton.swift; sourceTree = "<group>"; };
		77D020E11FA86B90000FF270 /* HamburgerViewController.swift */ = {isa = PBXFileReference; lastKnownFileType = sourcecode.swift; path = HamburgerViewController.swift; sourceTree = "<group>"; };
		77D50F591FB2969B00FB859E /* Tip.swift */ = {isa = PBXFileReference; lastKnownFileType = sourcecode.swift; path = Tip.swift; sourceTree = "<group>"; };
		77FA0FAC1FB942C40005EC4C /* DetailPageViewController.swift */ = {isa = PBXFileReference; lastKnownFileType = sourcecode.swift; path = DetailPageViewController.swift; sourceTree = "<group>"; };
		AE0506F8C58D1DD1A3AFC610 /* Pods-lookaround2.release.xcconfig */ = {isa = PBXFileReference; includeInIndex = 1; lastKnownFileType = text.xcconfig; name = "Pods-lookaround2.release.xcconfig"; path = "Pods/Target Support Files/Pods-lookaround2/Pods-lookaround2.release.xcconfig"; sourceTree = "<group>"; };
/* End PBXFileReference section */

/* Begin PBXFrameworksBuildPhase section */
		7747FED51F9B409300366D54 /* Frameworks */ = {
			isa = PBXFrameworksBuildPhase;
			buildActionMask = 2147483647;
			files = (
				94C5D99B7D4A23F860998772 /* Pods_lookaround2.framework in Frameworks */,
			);
			runOnlyForDeploymentPostprocessing = 0;
		};
		7747FEE91F9B409300366D54 /* Frameworks */ = {
			isa = PBXFrameworksBuildPhase;
			buildActionMask = 2147483647;
			files = (
			);
			runOnlyForDeploymentPostprocessing = 0;
		};
		7747FEF41F9B409300366D54 /* Frameworks */ = {
			isa = PBXFrameworksBuildPhase;
			buildActionMask = 2147483647;
			files = (
			);
			runOnlyForDeploymentPostprocessing = 0;
		};
/* End PBXFrameworksBuildPhase section */

/* Begin PBXGroup section */
		2D22FFEDBF3025B3D9275B1E /* Pods */ = {
			isa = PBXGroup;
			children = (
				75C23D866F9CF839D25CBACE /* Pods-lookaround2.debug.xcconfig */,
				AE0506F8C58D1DD1A3AFC610 /* Pods-lookaround2.release.xcconfig */,
			);
			name = Pods;
			sourceTree = "<group>";
		};
		416D9B391FB63D2A00C5C001 /* PlaceDetail */ = {
			isa = PBXGroup;
			children = (
				411C2EB81FB3907A0011C8CE /* PlaceDetailViewController.swift */,
				416D9B3A1FB63D7700C5C001 /* PlaceDetailCell.swift */,
				416D9B3C1FB63FF500C5C001 /* PlaceTipsCell.swift */,
				416D9B371FB63D2600C5C001 /* PlaceImageTableViewCell.swift */,
			);
			path = PlaceDetail;
			sourceTree = "<group>";
		};
		497B925B1F9DADA200052A77 /* 3rd Party Libraries */ = {
			isa = PBXGroup;
			children = (
				497B92591F9DAD9500052A77 /* SweetAlert.swift */,
			);
			path = "3rd Party Libraries";
			sourceTree = "<group>";
		};
		7747FECF1F9B409300366D54 = {
			isa = PBXGroup;
			children = (
				7747FEDA1F9B409300366D54 /* lookaround2 */,
				7747FEEF1F9B409300366D54 /* lookaround2Tests */,
				7747FEFA1F9B409300366D54 /* lookaround2UITests */,
				7747FED91F9B409300366D54 /* Products */,
				2D22FFEDBF3025B3D9275B1E /* Pods */,
				D592F7D8EE85816FB1B52789 /* Frameworks */,
			);
			sourceTree = "<group>";
		};
		7747FED91F9B409300366D54 /* Products */ = {
			isa = PBXGroup;
			children = (
				7747FED81F9B409300366D54 /* lookaround2.app */,
				7747FEEC1F9B409300366D54 /* lookaround2Tests.xctest */,
				7747FEF71F9B409300366D54 /* lookaround2UITests.xctest */,
			);
			name = Products;
			sourceTree = "<group>";
		};
		7747FEDA1F9B409300366D54 /* lookaround2 */ = {
			isa = PBXGroup;
			children = (
				7737274C1FA0805A00975D68 /* fb_access */,
				705C6D401FB6CDEB00ED58CD /* mapbox_access_token */,
				411C2EB21FB38FE60011C8CE /* GoogleService-Info.plist */,
				497B925B1F9DADA200052A77 /* 3rd Party Libraries */,
				7747FF0A1F9B415100366D54 /* API */,
				7747FF0E1F9B416A00366D54 /* Models */,
				7747FF0D1F9B416500366D54 /* Views */,
				7747FF0C1F9B415F00366D54 /* Controllers */,
				7747FF0B1F9B415800366D54 /* Storyboards */,
				7747FEDB1F9B409300366D54 /* AppDelegate.swift */,
				7747FEDD1F9B409300366D54 /* ViewController.swift */,
				77972BB11F9B5A2500CAEB1F /* art.scnassets */,
				7747FEE21F9B409300366D54 /* Assets.xcassets */,
				7747FEE41F9B409300366D54 /* LaunchScreen.storyboard */,
				7747FEE71F9B409300366D54 /* Info.plist */,
			);
			path = lookaround2;
			sourceTree = "<group>";
		};
		7747FEEF1F9B409300366D54 /* lookaround2Tests */ = {
			isa = PBXGroup;
			children = (
				7747FEF01F9B409300366D54 /* lookaround2Tests.swift */,
				7747FEF21F9B409300366D54 /* Info.plist */,
			);
			path = lookaround2Tests;
			sourceTree = "<group>";
		};
		7747FEFA1F9B409300366D54 /* lookaround2UITests */ = {
			isa = PBXGroup;
			children = (
				7747FEFB1F9B409300366D54 /* lookaround2UITests.swift */,
				7747FEFD1F9B409300366D54 /* Info.plist */,
			);
			path = lookaround2UITests;
			sourceTree = "<group>";
		};
		7747FF0A1F9B415100366D54 /* API */ = {
			isa = PBXGroup;
			children = (
				7478B9CA1F9D2BEF00EB62F5 /* DatabaseRequests.swift */,
				7761D2C51F9B4844004FDB15 /* GraphRequests.swift */,
				7761D2C41F9B4844004FDB15 /* FilterUtilities.swift */,
			);
			path = API;
			sourceTree = "<group>";
		};
		7747FF0B1F9B415800366D54 /* Storyboards */ = {
			isa = PBXGroup;
			children = (
				7747FEDF1F9B409300366D54 /* Main.storyboard */,
				7789498A1F9B60EA00910FD1 /* Detail.storyboard */,
				778949891F9B60EA00910FD1 /* Filter.storyboard */,
				778949881F9B60EA00910FD1 /* Login.storyboard */,
			);
			path = Storyboards;
			sourceTree = "<group>";
		};
		7747FF0C1F9B415F00366D54 /* Controllers */ = {
			isa = PBXGroup;
			children = (
				7761D2C21F9B471C004FDB15 /* AugmentedViewController.swift */,
				7789498D1F9B618300910FD1 /* FilterViewController.swift */,
				7789498E1F9B618300910FD1 /* LoginViewController.swift */,
				7789498B1F9B618200910FD1 /* PlaceDetailTableViewController.swift */,
				416D9B391FB63D2A00C5C001 /* PlaceDetail */,
				7789498C1F9B618300910FD1 /* SearchResultsViewController.swift */,
				49E1E2201F9D2E1D004F972C /* AddPlaceViewController.swift */,
				77D020E11FA86B90000FF270 /* HamburgerViewController.swift */,
				7089677C1FAA2C950082F0DE /* DebugViewController.swift */,
				77FA0FAC1FB942C40005EC4C /* DetailPageViewController.swift */,
			);
			path = Controllers;
			sourceTree = "<group>";
		};
		7747FF0D1F9B416500366D54 /* Views */ = {
			isa = PBXGroup;
			children = (
				77AB83201FB960CB005A3733 /* PlaceDetail */,
				778949851F9B60BD00910FD1 /* FilterCell.swift */,
				778949831F9B60BD00910FD1 /* DefaultCell.swift */,
				778949871F9B60BE00910FD1 /* SearchResultsCell.swift */,
				702F12D51FA0471F00E86482 /* HeaderCell.swift */,
				77BD47BC1FA1EB8200F485A8 /* DetailButton.swift */,
				7791D8781FA2B0BB00DFD147 /* DirectionsButton.swift */,
				771469F31FB7C1A600255D88 /* AugmentedCalloutView.swift */,
				770769ED1FB517B000D1FAF4 /* AnnotationView.swift */,
			);
			path = Views;
			sourceTree = "<group>";
		};
		7747FF0E1F9B416A00366D54 /* Models */ = {
			isa = PBXGroup;
			children = (
				7478B9C81F9D2BB400EB62F5 /* User.swift */,
				7478B9C61F9D2BA100EB62F5 /* List.swift */,
				77972BAE1F9B591800CAEB1F /* Annotation.swift */,
				77972BB01F9B591800CAEB1F /* AnnotationManager.swift */,
				77972BAF1F9B591800CAEB1F /* LookAnchor.swift */,
				778949811F9B603C00910FD1 /* LABrand.swift */,
				778949821F9B603C00910FD1 /* Place.swift */,
				77D50F591FB2969B00FB859E /* Tip.swift */,
			);
			path = Models;
			sourceTree = "<group>";
		};
		77AB83201FB960CB005A3733 /* PlaceDetail */ = {
			isa = PBXGroup;
			children = (
				77AB831C1FB959B1005A3733 /* PlaceNameCell.xib */,
				77AB831E1FB95FB9005A3733 /* PlaceNameCell.swift */,
			);
			path = PlaceDetail;
			sourceTree = "<group>";
		};
		D592F7D8EE85816FB1B52789 /* Frameworks */ = {
			isa = PBXGroup;
			children = (
				0E5AFF4092DEDBCD196BF743 /* Pods_lookaround2.framework */,
			);
			name = Frameworks;
			sourceTree = "<group>";
		};
/* End PBXGroup section */

/* Begin PBXNativeTarget section */
		7747FED71F9B409300366D54 /* lookaround2 */ = {
			isa = PBXNativeTarget;
			buildConfigurationList = 7747FF001F9B409300366D54 /* Build configuration list for PBXNativeTarget "lookaround2" */;
			buildPhases = (
				162A1802C244C7BA0EB3EF8A /* [CP] Check Pods Manifest.lock */,
				7747FED41F9B409300366D54 /* Sources */,
				7747FED51F9B409300366D54 /* Frameworks */,
				7747FED61F9B409300366D54 /* Resources */,
				B640DC3BBAB68ECF8B0B3CD6 /* [CP] Embed Pods Frameworks */,
				0302D3E7FB2C1A409A4F9B63 /* [CP] Copy Pods Resources */,
				771EC5441FA09610006B0C1A /* ShellScript */,
				771F3BC41FA1439E00FD3B91 /* ShellScript */,
			);
			buildRules = (
			);
			dependencies = (
			);
			name = lookaround2;
			productName = lookaround2;
			productReference = 7747FED81F9B409300366D54 /* lookaround2.app */;
			productType = "com.apple.product-type.application";
		};
		7747FEEB1F9B409300366D54 /* lookaround2Tests */ = {
			isa = PBXNativeTarget;
			buildConfigurationList = 7747FF031F9B409300366D54 /* Build configuration list for PBXNativeTarget "lookaround2Tests" */;
			buildPhases = (
				7747FEE81F9B409300366D54 /* Sources */,
				7747FEE91F9B409300366D54 /* Frameworks */,
				7747FEEA1F9B409300366D54 /* Resources */,
			);
			buildRules = (
			);
			dependencies = (
				7747FEEE1F9B409300366D54 /* PBXTargetDependency */,
			);
			name = lookaround2Tests;
			productName = lookaround2Tests;
			productReference = 7747FEEC1F9B409300366D54 /* lookaround2Tests.xctest */;
			productType = "com.apple.product-type.bundle.unit-test";
		};
		7747FEF61F9B409300366D54 /* lookaround2UITests */ = {
			isa = PBXNativeTarget;
			buildConfigurationList = 7747FF061F9B409300366D54 /* Build configuration list for PBXNativeTarget "lookaround2UITests" */;
			buildPhases = (
				7747FEF31F9B409300366D54 /* Sources */,
				7747FEF41F9B409300366D54 /* Frameworks */,
				7747FEF51F9B409300366D54 /* Resources */,
			);
			buildRules = (
			);
			dependencies = (
				7747FEF91F9B409300366D54 /* PBXTargetDependency */,
			);
			name = lookaround2UITests;
			productName = lookaround2UITests;
			productReference = 7747FEF71F9B409300366D54 /* lookaround2UITests.xctest */;
			productType = "com.apple.product-type.bundle.ui-testing";
		};
/* End PBXNativeTarget section */

/* Begin PBXProject section */
		7747FED01F9B409300366D54 /* Project object */ = {
			isa = PBXProject;
			attributes = {
				LastSwiftUpdateCheck = 0900;
				LastUpgradeCheck = 0900;
				ORGANIZATIONNAME = "Angela Yu";
				TargetAttributes = {
					7747FED71F9B409300366D54 = {
						CreatedOnToolsVersion = 9.0;
						ProvisioningStyle = Automatic;
					};
					7747FEEB1F9B409300366D54 = {
						CreatedOnToolsVersion = 9.0;
						ProvisioningStyle = Automatic;
						TestTargetID = 7747FED71F9B409300366D54;
					};
					7747FEF61F9B409300366D54 = {
						CreatedOnToolsVersion = 9.0;
						ProvisioningStyle = Automatic;
						TestTargetID = 7747FED71F9B409300366D54;
					};
				};
			};
			buildConfigurationList = 7747FED31F9B409300366D54 /* Build configuration list for PBXProject "lookaround2" */;
			compatibilityVersion = "Xcode 8.0";
			developmentRegion = en;
			hasScannedForEncodings = 0;
			knownRegions = (
				en,
				Base,
			);
			mainGroup = 7747FECF1F9B409300366D54;
			productRefGroup = 7747FED91F9B409300366D54 /* Products */;
			projectDirPath = "";
			projectRoot = "";
			targets = (
				7747FED71F9B409300366D54 /* lookaround2 */,
				7747FEEB1F9B409300366D54 /* lookaround2Tests */,
				7747FEF61F9B409300366D54 /* lookaround2UITests */,
			);
		};
/* End PBXProject section */

/* Begin PBXResourcesBuildPhase section */
		7747FED61F9B409300366D54 /* Resources */ = {
			isa = PBXResourcesBuildPhase;
			buildActionMask = 2147483647;
			files = (
				778949A31F9B629800910FD1 /* art.scnassets in Resources */,
				7747FEE61F9B409300366D54 /* LaunchScreen.storyboard in Resources */,
				70487B351FA378560086B1B7 /* fb_access in Resources */,
				705C6D411FB6CDEF00ED58CD /* mapbox_access_token in Resources */,
				7747FEE31F9B409300366D54 /* Assets.xcassets in Resources */,
				778949A01F9B626700910FD1 /* Login.storyboard in Resources */,
				7789499F1F9B626400910FD1 /* Filter.storyboard in Resources */,
				411C2EB31FB38FE60011C8CE /* GoogleService-Info.plist in Resources */,
				77AB831D1FB959B1005A3733 /* PlaceNameCell.xib in Resources */,
				7747FEE11F9B409300366D54 /* Main.storyboard in Resources */,
				7789499E1F9B626100910FD1 /* Detail.storyboard in Resources */,
			);
			runOnlyForDeploymentPostprocessing = 0;
		};
		7747FEEA1F9B409300366D54 /* Resources */ = {
			isa = PBXResourcesBuildPhase;
			buildActionMask = 2147483647;
			files = (
			);
			runOnlyForDeploymentPostprocessing = 0;
		};
		7747FEF51F9B409300366D54 /* Resources */ = {
			isa = PBXResourcesBuildPhase;
			buildActionMask = 2147483647;
			files = (
			);
			runOnlyForDeploymentPostprocessing = 0;
		};
/* End PBXResourcesBuildPhase section */

/* Begin PBXShellScriptBuildPhase section */
		0302D3E7FB2C1A409A4F9B63 /* [CP] Copy Pods Resources */ = {
			isa = PBXShellScriptBuildPhase;
			buildActionMask = 2147483647;
			files = (
			);
			inputPaths = (
			);
			name = "[CP] Copy Pods Resources";
			outputPaths = (
			);
			runOnlyForDeploymentPostprocessing = 0;
			shellPath = /bin/sh;
			shellScript = "\"${SRCROOT}/Pods/Target Support Files/Pods-lookaround2/Pods-lookaround2-resources.sh\"\n";
			showEnvVarsInLog = 0;
		};
		162A1802C244C7BA0EB3EF8A /* [CP] Check Pods Manifest.lock */ = {
			isa = PBXShellScriptBuildPhase;
			buildActionMask = 2147483647;
			files = (
			);
			inputPaths = (
				"${PODS_PODFILE_DIR_PATH}/Podfile.lock",
				"${PODS_ROOT}/Manifest.lock",
			);
			name = "[CP] Check Pods Manifest.lock";
			outputPaths = (
				"$(DERIVED_FILE_DIR)/Pods-lookaround2-checkManifestLockResult.txt",
			);
			runOnlyForDeploymentPostprocessing = 0;
			shellPath = /bin/sh;
			shellScript = "diff \"${PODS_PODFILE_DIR_PATH}/Podfile.lock\" \"${PODS_ROOT}/Manifest.lock\" > /dev/null\nif [ $? != 0 ] ; then\n    # print error to STDERR\n    echo \"error: The sandbox is not in sync with the Podfile.lock. Run 'pod install' or update your CocoaPods installation.\" >&2\n    exit 1\nfi\n# This output is used by Xcode 'outputs' to avoid re-running this script phase.\necho \"SUCCESS\" > \"${SCRIPT_OUTPUT_FILE_0}\"\n";
			showEnvVarsInLog = 0;
		};
		771EC5441FA09610006B0C1A /* ShellScript */ = {
			isa = PBXShellScriptBuildPhase;
			buildActionMask = 2147483647;
			files = (
			);
			inputPaths = (
			);
			outputPaths = (
			);
			runOnlyForDeploymentPostprocessing = 0;
			shellPath = /bin/sh;
			shellScript = "token_file=./lookaround2/mapbox_access_token\ntoken=\"$(cat $token_file)\"\nif [ \"$token\" ]; then\nplutil -replace MGLMapboxAccessToken -string $token \"$TARGET_BUILD_DIR/$INFOPLIST_PATH\"\nelse\necho 'error: Missing Mapbox access token'\nopen 'https://www.mapbox.com/studio/account/tokens/'\necho \"error: Get an access token from <https://www.mapbox.com/studio/account/tokens/>, then create a new file at $token_file that contains the access token.\"\nexit 1\nfi";
		};
		771F3BC41FA1439E00FD3B91 /* ShellScript */ = {
			isa = PBXShellScriptBuildPhase;
			buildActionMask = 2147483647;
			files = (
			);
			inputPaths = (
			);
			outputPaths = (
			);
			runOnlyForDeploymentPostprocessing = 0;
			shellPath = /bin/sh;
			shellScript = "secret_file=./lookaround2/fb_access\nsecret=\"$(cat $secret_file)\"\nif [ \"$secret\" ]; then\nplutil -replace FacebookAppSecret -string $secret \"$TARGET_BUILD_DIR/$INFOPLIST_PATH\"\nelse\necho 'error: Missing Facebook access token. Copy the fb_access file to your root.'\nexit 1\nfi";
		};
		B640DC3BBAB68ECF8B0B3CD6 /* [CP] Embed Pods Frameworks */ = {
			isa = PBXShellScriptBuildPhase;
			buildActionMask = 2147483647;
			files = (
			);
			inputPaths = (
				"${SRCROOT}/Pods/Target Support Files/Pods-lookaround2/Pods-lookaround2-frameworks.sh",
				"${BUILT_PRODUCTS_DIR}/AFNetworking/AFNetworking.framework",
				"${BUILT_PRODUCTS_DIR}/Bolts/Bolts.framework",
				"${BUILT_PRODUCTS_DIR}/FBSDKCoreKit/FBSDKCoreKit.framework",
				"${BUILT_PRODUCTS_DIR}/FBSDKLoginKit/FBSDKLoginKit.framework",
				"${BUILT_PRODUCTS_DIR}/FBSDKShareKit/FBSDKShareKit.framework",
				"${BUILT_PRODUCTS_DIR}/FacebookCore/FacebookCore.framework",
				"${BUILT_PRODUCTS_DIR}/FacebookLogin/FacebookLogin.framework",
				"${BUILT_PRODUCTS_DIR}/FacebookShare/FacebookShare.framework",
				"${BUILT_PRODUCTS_DIR}/GoogleToolboxForMac/GoogleToolboxForMac.framework",
				"${BUILT_PRODUCTS_DIR}/HDAugmentedReality/HDAugmentedReality.framework",
				"${PODS_ROOT}/Mapbox-iOS-SDK/dynamic/Mapbox.framework",
				"${PODS_ROOT}/Mapbox-iOS-SDK/dynamic/Mapbox.framework.dSYM",
				"${BUILT_PRODUCTS_DIR}/MapboxARKit/MapboxARKit.framework",
				"${BUILT_PRODUCTS_DIR}/MapboxDirections.swift/MapboxDirections.framework",
				"${BUILT_PRODUCTS_DIR}/Polyline/Polyline.framework",
				"${BUILT_PRODUCTS_DIR}/SwiftyJSON/SwiftyJSON.framework",
				"${BUILT_PRODUCTS_DIR}/Turf/Turf.framework",
				"${BUILT_PRODUCTS_DIR}/leveldb-library/leveldb.framework",
				"${BUILT_PRODUCTS_DIR}/nanopb/nanopb.framework",
			);
			name = "[CP] Embed Pods Frameworks";
			outputPaths = (
				"${TARGET_BUILD_DIR}/${FRAMEWORKS_FOLDER_PATH}/AFNetworking.framework",
				"${TARGET_BUILD_DIR}/${FRAMEWORKS_FOLDER_PATH}/Bolts.framework",
				"${TARGET_BUILD_DIR}/${FRAMEWORKS_FOLDER_PATH}/FBSDKCoreKit.framework",
				"${TARGET_BUILD_DIR}/${FRAMEWORKS_FOLDER_PATH}/FBSDKLoginKit.framework",
				"${TARGET_BUILD_DIR}/${FRAMEWORKS_FOLDER_PATH}/FBSDKShareKit.framework",
				"${TARGET_BUILD_DIR}/${FRAMEWORKS_FOLDER_PATH}/FacebookCore.framework",
				"${TARGET_BUILD_DIR}/${FRAMEWORKS_FOLDER_PATH}/FacebookLogin.framework",
				"${TARGET_BUILD_DIR}/${FRAMEWORKS_FOLDER_PATH}/FacebookShare.framework",
				"${TARGET_BUILD_DIR}/${FRAMEWORKS_FOLDER_PATH}/GoogleToolboxForMac.framework",
				"${TARGET_BUILD_DIR}/${FRAMEWORKS_FOLDER_PATH}/HDAugmentedReality.framework",
				"${TARGET_BUILD_DIR}/${FRAMEWORKS_FOLDER_PATH}/Mapbox.framework",
				"${DWARF_DSYM_FOLDER_PATH}/Mapbox.framework.dSYM",
				"${TARGET_BUILD_DIR}/${FRAMEWORKS_FOLDER_PATH}/MapboxARKit.framework",
				"${TARGET_BUILD_DIR}/${FRAMEWORKS_FOLDER_PATH}/MapboxDirections.framework",
				"${TARGET_BUILD_DIR}/${FRAMEWORKS_FOLDER_PATH}/Polyline.framework",
				"${TARGET_BUILD_DIR}/${FRAMEWORKS_FOLDER_PATH}/SwiftyJSON.framework",
				"${TARGET_BUILD_DIR}/${FRAMEWORKS_FOLDER_PATH}/Turf.framework",
				"${TARGET_BUILD_DIR}/${FRAMEWORKS_FOLDER_PATH}/leveldb.framework",
				"${TARGET_BUILD_DIR}/${FRAMEWORKS_FOLDER_PATH}/nanopb.framework",
			);
			runOnlyForDeploymentPostprocessing = 0;
			shellPath = /bin/sh;
			shellScript = "\"${SRCROOT}/Pods/Target Support Files/Pods-lookaround2/Pods-lookaround2-frameworks.sh\"\n";
			showEnvVarsInLog = 0;
		};
/* End PBXShellScriptBuildPhase section */

/* Begin PBXSourcesBuildPhase section */
		7747FED41F9B409300366D54 /* Sources */ = {
			isa = PBXSourcesBuildPhase;
			buildActionMask = 2147483647;
			files = (
				7789499D1F9B625400910FD1 /* SearchResultsCell.swift in Sources */,
				7791D8791FA2B0BB00DFD147 /* DirectionsButton.swift in Sources */,
				778949921F9B618300910FD1 /* LoginViewController.swift in Sources */,
				7789499B1F9B624E00910FD1 /* FilterCell.swift in Sources */,
				778949961F9B623E00910FD1 /* AnnotationManager.swift in Sources */,
				77BD47BD1FA1EB8200F485A8 /* DetailButton.swift in Sources */,
				778949911F9B618300910FD1 /* FilterViewController.swift in Sources */,
				7747FEDE1F9B409300366D54 /* ViewController.swift in Sources */,
				416D9B3B1FB63D7700C5C001 /* PlaceDetailCell.swift in Sources */,
				778949981F9B624400910FD1 /* FilterUtilities.swift in Sources */,
				416D9B3D1FB63FF500C5C001 /* PlaceTipsCell.swift in Sources */,
				77D020E21FA86B90000FF270 /* HamburgerViewController.swift in Sources */,
				77AB831F1FB95FB9005A3733 /* PlaceNameCell.swift in Sources */,
				702F12D61FA0471F00E86482 /* HeaderCell.swift in Sources */,
				778949931F9B623100910FD1 /* Place.swift in Sources */,
				778949991F9B624700910FD1 /* GraphRequests.swift in Sources */,
				7761D2C31F9B471C004FDB15 /* AugmentedViewController.swift in Sources */,
				771469F41FB7C1A600255D88 /* AugmentedCalloutView.swift in Sources */,
				778949941F9B623500910FD1 /* LABrand.swift in Sources */,
				416D9B381FB63D2600C5C001 /* PlaceImageTableViewCell.swift in Sources */,
				7789498F1F9B618300910FD1 /* PlaceDetailTableViewController.swift in Sources */,
				77D50F5A1FB2969B00FB859E /* Tip.swift in Sources */,
				49E1E2211F9D2E1D004F972C /* AddPlaceViewController.swift in Sources */,
				497B925A1F9DAD9500052A77 /* SweetAlert.swift in Sources */,
				7747FEDC1F9B409300366D54 /* AppDelegate.swift in Sources */,
				7789499C1F9B625100910FD1 /* DefaultCell.swift in Sources */,
				770769EE1FB517B000D1FAF4 /* AnnotationView.swift in Sources */,
				778949951F9B623A00910FD1 /* LookAnchor.swift in Sources */,
				77FA0FAD1FB942C40005EC4C /* DetailPageViewController.swift in Sources */,
				7089677D1FAA2C950082F0DE /* DebugViewController.swift in Sources */,
				778949971F9B624100910FD1 /* Annotation.swift in Sources */,
				778949901F9B618300910FD1 /* SearchResultsViewController.swift in Sources */,
				7478B9C71F9D2BA100EB62F5 /* List.swift in Sources */,
				411C2EB91FB3907A0011C8CE /* PlaceDetailViewController.swift in Sources */,
				7478B9CB1F9D2BEF00EB62F5 /* DatabaseRequests.swift in Sources */,
				7478B9C91F9D2BB400EB62F5 /* User.swift in Sources */,
			);
			runOnlyForDeploymentPostprocessing = 0;
		};
		7747FEE81F9B409300366D54 /* Sources */ = {
			isa = PBXSourcesBuildPhase;
			buildActionMask = 2147483647;
			files = (
				7747FEF11F9B409300366D54 /* lookaround2Tests.swift in Sources */,
			);
			runOnlyForDeploymentPostprocessing = 0;
		};
		7747FEF31F9B409300366D54 /* Sources */ = {
			isa = PBXSourcesBuildPhase;
			buildActionMask = 2147483647;
			files = (
				7747FEFC1F9B409300366D54 /* lookaround2UITests.swift in Sources */,
			);
			runOnlyForDeploymentPostprocessing = 0;
		};
/* End PBXSourcesBuildPhase section */

/* Begin PBXTargetDependency section */
		7747FEEE1F9B409300366D54 /* PBXTargetDependency */ = {
			isa = PBXTargetDependency;
			target = 7747FED71F9B409300366D54 /* lookaround2 */;
			targetProxy = 7747FEED1F9B409300366D54 /* PBXContainerItemProxy */;
		};
		7747FEF91F9B409300366D54 /* PBXTargetDependency */ = {
			isa = PBXTargetDependency;
			target = 7747FED71F9B409300366D54 /* lookaround2 */;
			targetProxy = 7747FEF81F9B409300366D54 /* PBXContainerItemProxy */;
		};
/* End PBXTargetDependency section */

/* Begin PBXVariantGroup section */
		7747FEDF1F9B409300366D54 /* Main.storyboard */ = {
			isa = PBXVariantGroup;
			children = (
				7747FEE01F9B409300366D54 /* Base */,
			);
			name = Main.storyboard;
			sourceTree = "<group>";
		};
		7747FEE41F9B409300366D54 /* LaunchScreen.storyboard */ = {
			isa = PBXVariantGroup;
			children = (
				7747FEE51F9B409300366D54 /* Base */,
			);
			name = LaunchScreen.storyboard;
			sourceTree = "<group>";
		};
/* End PBXVariantGroup section */

/* Begin XCBuildConfiguration section */
		7747FEFE1F9B409300366D54 /* Debug */ = {
			isa = XCBuildConfiguration;
			buildSettings = {
				ALWAYS_SEARCH_USER_PATHS = NO;
				CLANG_ANALYZER_NONNULL = YES;
				CLANG_ANALYZER_NUMBER_OBJECT_CONVERSION = YES_AGGRESSIVE;
				CLANG_CXX_LANGUAGE_STANDARD = "gnu++14";
				CLANG_CXX_LIBRARY = "libc++";
				CLANG_ENABLE_MODULES = YES;
				CLANG_ENABLE_OBJC_ARC = YES;
				CLANG_WARN_BLOCK_CAPTURE_AUTORELEASING = YES;
				CLANG_WARN_BOOL_CONVERSION = YES;
				CLANG_WARN_COMMA = YES;
				CLANG_WARN_CONSTANT_CONVERSION = YES;
				CLANG_WARN_DIRECT_OBJC_ISA_USAGE = YES_ERROR;
				CLANG_WARN_DOCUMENTATION_COMMENTS = YES;
				CLANG_WARN_EMPTY_BODY = YES;
				CLANG_WARN_ENUM_CONVERSION = YES;
				CLANG_WARN_INFINITE_RECURSION = YES;
				CLANG_WARN_INT_CONVERSION = YES;
				CLANG_WARN_NON_LITERAL_NULL_CONVERSION = YES;
				CLANG_WARN_OBJC_LITERAL_CONVERSION = YES;
				CLANG_WARN_OBJC_ROOT_CLASS = YES_ERROR;
				CLANG_WARN_RANGE_LOOP_ANALYSIS = YES;
				CLANG_WARN_STRICT_PROTOTYPES = YES;
				CLANG_WARN_SUSPICIOUS_MOVE = YES;
				CLANG_WARN_UNGUARDED_AVAILABILITY = YES_AGGRESSIVE;
				CLANG_WARN_UNREACHABLE_CODE = YES;
				CLANG_WARN__DUPLICATE_METHOD_MATCH = YES;
				CODE_SIGN_IDENTITY = "iPhone Developer";
				COPY_PHASE_STRIP = NO;
				DEBUG_INFORMATION_FORMAT = dwarf;
				ENABLE_STRICT_OBJC_MSGSEND = YES;
				ENABLE_TESTABILITY = YES;
				GCC_C_LANGUAGE_STANDARD = gnu11;
				GCC_DYNAMIC_NO_PIC = NO;
				GCC_NO_COMMON_BLOCKS = YES;
				GCC_OPTIMIZATION_LEVEL = 0;
				GCC_PREPROCESSOR_DEFINITIONS = (
					"DEBUG=1",
					"$(inherited)",
				);
				GCC_WARN_64_TO_32_BIT_CONVERSION = YES;
				GCC_WARN_ABOUT_RETURN_TYPE = YES_ERROR;
				GCC_WARN_UNDECLARED_SELECTOR = YES;
				GCC_WARN_UNINITIALIZED_AUTOS = YES_AGGRESSIVE;
				GCC_WARN_UNUSED_FUNCTION = YES;
				GCC_WARN_UNUSED_VARIABLE = YES;
				IPHONEOS_DEPLOYMENT_TARGET = 11.0;
				MTL_ENABLE_DEBUG_INFO = YES;
				ONLY_ACTIVE_ARCH = YES;
				SDKROOT = iphoneos;
				SWIFT_ACTIVE_COMPILATION_CONDITIONS = DEBUG;
				SWIFT_OPTIMIZATION_LEVEL = "-Onone";
			};
			name = Debug;
		};
		7747FEFF1F9B409300366D54 /* Release */ = {
			isa = XCBuildConfiguration;
			buildSettings = {
				ALWAYS_SEARCH_USER_PATHS = NO;
				CLANG_ANALYZER_NONNULL = YES;
				CLANG_ANALYZER_NUMBER_OBJECT_CONVERSION = YES_AGGRESSIVE;
				CLANG_CXX_LANGUAGE_STANDARD = "gnu++14";
				CLANG_CXX_LIBRARY = "libc++";
				CLANG_ENABLE_MODULES = YES;
				CLANG_ENABLE_OBJC_ARC = YES;
				CLANG_WARN_BLOCK_CAPTURE_AUTORELEASING = YES;
				CLANG_WARN_BOOL_CONVERSION = YES;
				CLANG_WARN_COMMA = YES;
				CLANG_WARN_CONSTANT_CONVERSION = YES;
				CLANG_WARN_DIRECT_OBJC_ISA_USAGE = YES_ERROR;
				CLANG_WARN_DOCUMENTATION_COMMENTS = YES;
				CLANG_WARN_EMPTY_BODY = YES;
				CLANG_WARN_ENUM_CONVERSION = YES;
				CLANG_WARN_INFINITE_RECURSION = YES;
				CLANG_WARN_INT_CONVERSION = YES;
				CLANG_WARN_NON_LITERAL_NULL_CONVERSION = YES;
				CLANG_WARN_OBJC_LITERAL_CONVERSION = YES;
				CLANG_WARN_OBJC_ROOT_CLASS = YES_ERROR;
				CLANG_WARN_RANGE_LOOP_ANALYSIS = YES;
				CLANG_WARN_STRICT_PROTOTYPES = YES;
				CLANG_WARN_SUSPICIOUS_MOVE = YES;
				CLANG_WARN_UNGUARDED_AVAILABILITY = YES_AGGRESSIVE;
				CLANG_WARN_UNREACHABLE_CODE = YES;
				CLANG_WARN__DUPLICATE_METHOD_MATCH = YES;
				CODE_SIGN_IDENTITY = "iPhone Developer";
				COPY_PHASE_STRIP = NO;
				DEBUG_INFORMATION_FORMAT = "dwarf-with-dsym";
				ENABLE_NS_ASSERTIONS = NO;
				ENABLE_STRICT_OBJC_MSGSEND = YES;
				GCC_C_LANGUAGE_STANDARD = gnu11;
				GCC_NO_COMMON_BLOCKS = YES;
				GCC_WARN_64_TO_32_BIT_CONVERSION = YES;
				GCC_WARN_ABOUT_RETURN_TYPE = YES_ERROR;
				GCC_WARN_UNDECLARED_SELECTOR = YES;
				GCC_WARN_UNINITIALIZED_AUTOS = YES_AGGRESSIVE;
				GCC_WARN_UNUSED_FUNCTION = YES;
				GCC_WARN_UNUSED_VARIABLE = YES;
				IPHONEOS_DEPLOYMENT_TARGET = 11.0;
				MTL_ENABLE_DEBUG_INFO = NO;
				SDKROOT = iphoneos;
				SWIFT_OPTIMIZATION_LEVEL = "-Owholemodule";
				VALIDATE_PRODUCT = YES;
			};
			name = Release;
		};
		7747FF011F9B409300366D54 /* Debug */ = {
			isa = XCBuildConfiguration;
			baseConfigurationReference = 75C23D866F9CF839D25CBACE /* Pods-lookaround2.debug.xcconfig */;
			buildSettings = {
				ASSETCATALOG_COMPILER_APPICON_NAME = AppIcon;
				"CODE_SIGN_IDENTITY[sdk=iphoneos*]" = "iPhone Developer";
				CODE_SIGN_STYLE = Automatic;
				DEVELOPMENT_TEAM = PUQ8TNP3W4;
				INFOPLIST_FILE = lookaround2/Info.plist;
				LD_RUNPATH_SEARCH_PATHS = "$(inherited) @executable_path/Frameworks";
				PRODUCT_BUNDLE_IDENTIFIER = com.codepath.lookaround2;
				PRODUCT_NAME = "$(TARGET_NAME)";
				PROVISIONING_PROFILE_SPECIFIER = "";
				SWIFT_VERSION = 4.0;
				TARGETED_DEVICE_FAMILY = "1,2";
				VALID_ARCHS = "arm64 arm6 arm7";
				"VALID_ARCHS[sdk=*]" = "arm64 arm6 arm7";
			};
			name = Debug;
		};
		7747FF021F9B409300366D54 /* Release */ = {
			isa = XCBuildConfiguration;
			baseConfigurationReference = AE0506F8C58D1DD1A3AFC610 /* Pods-lookaround2.release.xcconfig */;
			buildSettings = {
				ASSETCATALOG_COMPILER_APPICON_NAME = AppIcon;
				"CODE_SIGN_IDENTITY[sdk=iphoneos*]" = "iPhone Developer";
				CODE_SIGN_STYLE = Automatic;
				DEVELOPMENT_TEAM = PUQ8TNP3W4;
				INFOPLIST_FILE = lookaround2/Info.plist;
				LD_RUNPATH_SEARCH_PATHS = "$(inherited) @executable_path/Frameworks";
				ONLY_ACTIVE_ARCH = NO;
				PRODUCT_BUNDLE_IDENTIFIER = com.codepath.lookaround2;
				PRODUCT_NAME = "$(TARGET_NAME)";
				PROVISIONING_PROFILE_SPECIFIER = "";
				SWIFT_VERSION = 4.0;
				TARGETED_DEVICE_FAMILY = "1,2";
				VALID_ARCHS = "arm64 arm6 arm7";
			};
			name = Release;
		};
		7747FF041F9B409300366D54 /* Debug */ = {
			isa = XCBuildConfiguration;
			buildSettings = {
				ALWAYS_EMBED_SWIFT_STANDARD_LIBRARIES = YES;
				BUNDLE_LOADER = "$(TEST_HOST)";
				CODE_SIGN_STYLE = Automatic;
				DEVELOPMENT_TEAM = PUQ8TNP3W4;
				INFOPLIST_FILE = lookaround2Tests/Info.plist;
				LD_RUNPATH_SEARCH_PATHS = "$(inherited) @executable_path/Frameworks @loader_path/Frameworks";
				PRODUCT_BUNDLE_IDENTIFIER = com.wangela.lookaround2Tests;
				PRODUCT_NAME = "$(TARGET_NAME)";
				SWIFT_VERSION = 4.0;
				TARGETED_DEVICE_FAMILY = "1,2";
				TEST_HOST = "$(BUILT_PRODUCTS_DIR)/lookaround2.app/lookaround2";
			};
			name = Debug;
		};
		7747FF051F9B409300366D54 /* Release */ = {
			isa = XCBuildConfiguration;
			buildSettings = {
				ALWAYS_EMBED_SWIFT_STANDARD_LIBRARIES = YES;
				BUNDLE_LOADER = "$(TEST_HOST)";
				CODE_SIGN_STYLE = Automatic;
				DEVELOPMENT_TEAM = PUQ8TNP3W4;
				INFOPLIST_FILE = lookaround2Tests/Info.plist;
				LD_RUNPATH_SEARCH_PATHS = "$(inherited) @executable_path/Frameworks @loader_path/Frameworks";
				PRODUCT_BUNDLE_IDENTIFIER = com.wangela.lookaround2Tests;
				PRODUCT_NAME = "$(TARGET_NAME)";
				SWIFT_VERSION = 4.0;
				TARGETED_DEVICE_FAMILY = "1,2";
				TEST_HOST = "$(BUILT_PRODUCTS_DIR)/lookaround2.app/lookaround2";
			};
			name = Release;
		};
		7747FF071F9B409300366D54 /* Debug */ = {
			isa = XCBuildConfiguration;
			buildSettings = {
				ALWAYS_EMBED_SWIFT_STANDARD_LIBRARIES = YES;
				CODE_SIGN_STYLE = Automatic;
				DEVELOPMENT_TEAM = PUQ8TNP3W4;
				INFOPLIST_FILE = lookaround2UITests/Info.plist;
				LD_RUNPATH_SEARCH_PATHS = "$(inherited) @executable_path/Frameworks @loader_path/Frameworks";
				PRODUCT_BUNDLE_IDENTIFIER = com.wangela.lookaround2UITests;
				PRODUCT_NAME = "$(TARGET_NAME)";
				SWIFT_VERSION = 4.0;
				TARGETED_DEVICE_FAMILY = "1,2";
				TEST_TARGET_NAME = lookaround2;
			};
			name = Debug;
		};
		7747FF081F9B409300366D54 /* Release */ = {
			isa = XCBuildConfiguration;
			buildSettings = {
				ALWAYS_EMBED_SWIFT_STANDARD_LIBRARIES = YES;
				CODE_SIGN_STYLE = Automatic;
				DEVELOPMENT_TEAM = PUQ8TNP3W4;
				INFOPLIST_FILE = lookaround2UITests/Info.plist;
				LD_RUNPATH_SEARCH_PATHS = "$(inherited) @executable_path/Frameworks @loader_path/Frameworks";
				PRODUCT_BUNDLE_IDENTIFIER = com.wangela.lookaround2UITests;
				PRODUCT_NAME = "$(TARGET_NAME)";
				SWIFT_VERSION = 4.0;
				TARGETED_DEVICE_FAMILY = "1,2";
				TEST_TARGET_NAME = lookaround2;
			};
			name = Release;
		};
/* End XCBuildConfiguration section */

/* Begin XCConfigurationList section */
		7747FED31F9B409300366D54 /* Build configuration list for PBXProject "lookaround2" */ = {
			isa = XCConfigurationList;
			buildConfigurations = (
				7747FEFE1F9B409300366D54 /* Debug */,
				7747FEFF1F9B409300366D54 /* Release */,
			);
			defaultConfigurationIsVisible = 0;
			defaultConfigurationName = Release;
		};
		7747FF001F9B409300366D54 /* Build configuration list for PBXNativeTarget "lookaround2" */ = {
			isa = XCConfigurationList;
			buildConfigurations = (
				7747FF011F9B409300366D54 /* Debug */,
				7747FF021F9B409300366D54 /* Release */,
			);
			defaultConfigurationIsVisible = 0;
			defaultConfigurationName = Release;
		};
		7747FF031F9B409300366D54 /* Build configuration list for PBXNativeTarget "lookaround2Tests" */ = {
			isa = XCConfigurationList;
			buildConfigurations = (
				7747FF041F9B409300366D54 /* Debug */,
				7747FF051F9B409300366D54 /* Release */,
			);
			defaultConfigurationIsVisible = 0;
			defaultConfigurationName = Release;
		};
		7747FF061F9B409300366D54 /* Build configuration list for PBXNativeTarget "lookaround2UITests" */ = {
			isa = XCConfigurationList;
			buildConfigurations = (
				7747FF071F9B409300366D54 /* Debug */,
				7747FF081F9B409300366D54 /* Release */,
			);
			defaultConfigurationIsVisible = 0;
			defaultConfigurationName = Release;
		};
/* End XCConfigurationList section */
	};
	rootObject = 7747FED01F9B409300366D54 /* Project object */;
}
